
Microsoft Visual Studio Solution File, Format Version 12.00
# Visual Studio Version 17
VisualStudioVersion = 17.9.34714.143
MinimumVisualStudioVersion = 10.0.40219.1
Project("{FAE04EC0-301F-11D3-BF4B-00C04F79EFBC}") = "E-menu_backend", "E-menu_backend\E-menu_backend.csproj", "{0A22EE0A-2E72-485E-A8E1-2FA474FA15A4}"
EndProject
Global
	GlobalSection(SolutionConfigurationPlatforms) = preSolution
		Debug|Any CPU = Debug|Any CPU
		Release|Any CPU = Release|Any CPU
	EndGlobalSection
	GlobalSection(ProjectConfigurationPlatforms) = postSolution
		{0A22EE0A-2E72-485E-A8E1-2FA474FA15A4}.Debug|Any CPU.ActiveCfg = Debug|Any CPU
		{0A22EE0A-2E72-485E-A8E1-2FA474FA15A4}.Debug|Any CPU.Build.0 = Debug|Any CPU
		{0A22EE0A-2E72-485E-A8E1-2FA474FA15A4}.Release|Any CPU.ActiveCfg = Release|Any CPU
		{0A22EE0A-2E72-485E-A8E1-2FA474FA15A4}.Release|Any CPU.Build.0 = Release|Any CPU
	EndGlobalSection
	GlobalSection(SolutionProperties) = preSolution
		HideSolutionNode = FALSE
	EndGlobalSection
	GlobalSection(ExtensibilityGlobals) = postSolution
		SolutionGuid = {ACD06499-7287-4075-91B4-736943B1D8BA}
	EndGlobalSection
EndGlobal
